Microsoft Visual Studio Solution File, Format Version 10.00
# Visual Studio 2008
Project("{8BC9CEB8-8B4A-11D0-8D11-00A0C91BC942}") = "Kernel", "Kernel\Kernel.vcproj", "{9A6B4555-A2E6-42AB-BF1F-A289B3AFC207}"
	ProjectSection(ProjectDependencies) = postProject
		{03152B11-6311-4557-9824-50FE8FAA75F0} = {03152B11-6311-4557-9824-50FE8FAA75F0}
		{0AA5C019-82DE-4F26-970C-E71CFCB0D8A3} = {0AA5C019-82DE-4F26-970C-E71CFCB0D8A3}
		{2D68DA1C-5BF9-40F4-9A91-F30E7CBD94CD} = {2D68DA1C-5BF9-40F4-9A91-F30E7CBD94CD}
		{6383425E-78C2-4AF8-A7AA-42FAE51A0BB3} = {6383425E-78C2-4AF8-A7AA-42FAE51A0BB3}
		{15568A7E-84B5-4521-B9AB-2D6ECD2ECB3E} = {15568A7E-84B5-4521-B9AB-2D6ECD2ECB3E}
		{B216E299-411D-4644-A097-46748486F53B} = {B216E299-411D-4644-A097-46748486F53B}
		{0F8333A2-9E36-4FF9-8FBA-5BFABE81A144} = {0F8333A2-9E36-4FF9-8FBA-5BFABE81A144}
		{443977E5-C714-44AD-B717-658CBE9A6D3A} = {443977E5-C714-44AD-B717-658CBE9A6D3A}
	EndProjectSection
EndProject
Project("{8BC9CEB8-8B4A-11D0-8D11-00A0C91BC942}") = "Utilities", "Utilities\Utilities.vcproj", "{6383425E-78C2-4AF8-A7AA-42FAE51A0BB3}"
EndProject
Project("{8BC9CEB8-8B4A-11D0-8D11-00A0C91BC942}") = "Resource", "Resource\Resource.vcproj", "{B216E299-411D-4644-A097-46748486F53B}"
	ProjectSection(ProjectDependencies) = postProject
		{2D68DA1C-5BF9-40F4-9A91-F30E7CBD94CD} = {2D68DA1C-5BF9-40F4-9A91-F30E7CBD94CD}
		{6383425E-78C2-4AF8-A7AA-42FAE51A0BB3} = {6383425E-78C2-4AF8-A7AA-42FAE51A0BB3}
		{15568A7E-84B5-4521-B9AB-2D6ECD2ECB3E} = {15568A7E-84B5-4521-B9AB-2D6ECD2ECB3E}
		{0F8333A2-9E36-4FF9-8FBA-5BFABE81A144} = {0F8333A2-9E36-4FF9-8FBA-5BFABE81A144}
		{443977E5-C714-44AD-B717-658CBE9A6D3A} = {443977E5-C714-44AD-B717-658CBE9A6D3A}
	EndProjectSection
EndProject
Project("{8BC9CEB8-8B4A-11D0-8D11-00A0C91BC942}") = "Configuration", "Configuration\Configuration.vcproj", "{15568A7E-84B5-4521-B9AB-2D6ECD2ECB3E}"
	ProjectSection(ProjectDependencies) = postProject
		{2D68DA1C-5BF9-40F4-9A91-F30E7CBD94CD} = {2D68DA1C-5BF9-40F4-9A91-F30E7CBD94CD}
		{0F8333A2-9E36-4FF9-8FBA-5BFABE81A144} = {0F8333A2-9E36-4FF9-8FBA-5BFABE81A144}
		{593D76E6-BB26-450E-935D-DCD1AD17060B} = {593D76E6-BB26-450E-935D-DCD1AD17060B}
	EndProjectSection
EndProject
Project("{8BC9CEB8-8B4A-11D0-8D11-00A0C91BC942}") = "GUI", "GUI\GUI.vcproj", "{03152B11-6311-4557-9824-50FE8FAA75F0}"
	ProjectSection(ProjectDependencies) = postProject
		{2D68DA1C-5BF9-40F4-9A91-F30E7CBD94CD} = {2D68DA1C-5BF9-40F4-9A91-F30E7CBD94CD}
		{6383425E-78C2-4AF8-A7AA-42FAE51A0BB3} = {6383425E-78C2-4AF8-A7AA-42FAE51A0BB3}
		{B216E299-411D-4644-A097-46748486F53B} = {B216E299-411D-4644-A097-46748486F53B}
		{0F8333A2-9E36-4FF9-8FBA-5BFABE81A144} = {0F8333A2-9E36-4FF9-8FBA-5BFABE81A144}
	EndProjectSection
EndProject
Project("{8BC9CEB8-8B4A-11D0-8D11-00A0C91BC942}") = "EventLogger", "EventLogger\EventLogger.vcproj", "{0F8333A2-9E36-4FF9-8FBA-5BFABE81A144}"
	ProjectSection(ProjectDependencies) = postProject
		{2D68DA1C-5BF9-40F4-9A91-F30E7CBD94CD} = {2D68DA1C-5BF9-40F4-9A91-F30E7CBD94CD}
	EndProjectSection
EndProject
Project("{8BC9CEB8-8B4A-11D0-8D11-00A0C91BC942}") = "String", "String\String.vcproj", "{593D76E6-BB26-450E-935D-DCD1AD17060B}"
	ProjectSection(ProjectDependencies) = postProject
		{2D68DA1C-5BF9-40F4-9A91-F30E7CBD94CD} = {2D68DA1C-5BF9-40F4-9A91-F30E7CBD94CD}
		{0F8333A2-9E36-4FF9-8FBA-5BFABE81A144} = {0F8333A2-9E36-4FF9-8FBA-5BFABE81A144}
	EndProjectSection
EndProject
Project("{8BC9CEB8-8B4A-11D0-8D11-00A0C91BC942}") = "ParallelRendering", "ParallelRendering\ParallelRendering.vcproj", "{3082D98A-911C-4EDB-92FE-8583326222E1}"
	ProjectSection(ProjectDependencies) = postProject
		{BE700503-68FE-4FF8-BF54-C1AF5AD509BB} = {BE700503-68FE-4FF8-BF54-C1AF5AD509BB}
		{2675D70E-3E91-46F4-A246-979CCE83B0B0} = {2675D70E-3E91-46F4-A246-979CCE83B0B0}
		{2D68DA1C-5BF9-40F4-9A91-F30E7CBD94CD} = {2D68DA1C-5BF9-40F4-9A91-F30E7CBD94CD}
		{258CA244-2639-4201-AE9E-F4F18C1F900D} = {258CA244-2639-4201-AE9E-F4F18C1F900D}
		{9A6B4555-A2E6-42AB-BF1F-A289B3AFC207} = {9A6B4555-A2E6-42AB-BF1F-A289B3AFC207}
	EndProjectSection
EndProject
Project("{8BC9CEB8-8B4A-11D0-8D11-00A0C91BC942}") = "Network", "Network\Network.vcproj", "{BE700503-68FE-4FF8-BF54-C1AF5AD509BB}"
	ProjectSection(ProjectDependencies) = postProject
		{2D68DA1C-5BF9-40F4-9A91-F30E7CBD94CD} = {2D68DA1C-5BF9-40F4-9A91-F30E7CBD94CD}
		{6383425E-78C2-4AF8-A7AA-42FAE51A0BB3} = {6383425E-78C2-4AF8-A7AA-42FAE51A0BB3}
		{15568A7E-84B5-4521-B9AB-2D6ECD2ECB3E} = {15568A7E-84B5-4521-B9AB-2D6ECD2ECB3E}
		{50FC139D-C24E-400D-99CB-353708A1E6B7} = {50FC139D-C24E-400D-99CB-353708A1E6B7}
		{0F8333A2-9E36-4FF9-8FBA-5BFABE81A144} = {0F8333A2-9E36-4FF9-8FBA-5BFABE81A144}
	EndProjectSection
EndProject
Project("{8BC9CEB8-8B4A-11D0-8D11-00A0C91BC942}") = "Thread", "Thread\Thread.vcproj", "{50FC139D-C24E-400D-99CB-353708A1E6B7}"
	ProjectSection(ProjectDependencies) = postProject
		{2D68DA1C-5BF9-40F4-9A91-F30E7CBD94CD} = {2D68DA1C-5BF9-40F4-9A91-F30E7CBD94CD}
		{0F8333A2-9E36-4FF9-8FBA-5BFABE81A144} = {0F8333A2-9E36-4FF9-8FBA-5BFABE81A144}
	EndProjectSection
EndProject
Project("{8BC9CEB8-8B4A-11D0-8D11-00A0C91BC942}") = "Common", "Common\Common.vcproj", "{2D68DA1C-5BF9-40F4-9A91-F30E7CBD94CD}"
EndProject
Project("{8BC9CEB8-8B4A-11D0-8D11-00A0C91BC942}") = "Tree", "Tree\Tree.vcproj", "{575FBA6A-07B7-4D68-8148-2917FC09082F}"
	ProjectSection(ProjectDependencies) = postProject
		{2D68DA1C-5BF9-40F4-9A91-F30E7CBD94CD} = {2D68DA1C-5BF9-40F4-9A91-F30E7CBD94CD}
		{0F8333A2-9E36-4FF9-8FBA-5BFABE81A144} = {0F8333A2-9E36-4FF9-8FBA-5BFABE81A144}
	EndProjectSection
EndProject
Project("{8BC9CEB8-8B4A-11D0-8D11-00A0C91BC942}") = "Image", "Image\Image.vcproj", "{258CA244-2639-4201-AE9E-F4F18C1F900D}"
	ProjectSection(ProjectDependencies) = postProject
		{2D68DA1C-5BF9-40F4-9A91-F30E7CBD94CD} = {2D68DA1C-5BF9-40F4-9A91-F30E7CBD94CD}
	EndProjectSection
EndProject
Project("{8BC9CEB8-8B4A-11D0-8D11-00A0C91BC942}") = "Infiniband", "Infiniband\Infiniband.vcproj", "{2675D70E-3E91-46F4-A246-979CCE83B0B0}"
	ProjectSection(ProjectDependencies) = postProject
		{BE700503-68FE-4FF8-BF54-C1AF5AD509BB} = {BE700503-68FE-4FF8-BF54-C1AF5AD509BB}
		{2D68DA1C-5BF9-40F4-9A91-F30E7CBD94CD} = {2D68DA1C-5BF9-40F4-9A91-F30E7CBD94CD}
		{15568A7E-84B5-4521-B9AB-2D6ECD2ECB3E} = {15568A7E-84B5-4521-B9AB-2D6ECD2ECB3E}
		{0F8333A2-9E36-4FF9-8FBA-5BFABE81A144} = {0F8333A2-9E36-4FF9-8FBA-5BFABE81A144}
	EndProjectSection
EndProject
Project("{8BC9CEB8-8B4A-11D0-8D11-00A0C91BC942}") = "Graph", "Graph\Graph.vcproj", "{443977E5-C714-44AD-B717-658CBE9A6D3A}"
	ProjectSection(ProjectDependencies) = postProject
		{2D68DA1C-5BF9-40F4-9A91-F30E7CBD94CD} = {2D68DA1C-5BF9-40F4-9A91-F30E7CBD94CD}
		{0F8333A2-9E36-4FF9-8FBA-5BFABE81A144} = {0F8333A2-9E36-4FF9-8FBA-5BFABE81A144}
	EndProjectSection
EndProject
Project("{8BC9CEB8-8B4A-11D0-8D11-00A0C91BC942}") = "PointCloud", "PointCloud\PointCloud.vcproj", "{C49253DF-EC14-4845-84C8-189CC5C752B4}"
EndProject
Project("{8BC9CEB8-8B4A-11D0-8D11-00A0C91BC942}") = "TriangleSoup", "TriangleSoup\TriangleSoup.vcproj", "{BAC2FF1E-F7D3-48B8-A319-7AE6AB57DE93}"
	ProjectSection(ProjectDependencies) = postProject
		{2D68DA1C-5BF9-40F4-9A91-F30E7CBD94CD} = {2D68DA1C-5BF9-40F4-9A91-F30E7CBD94CD}
		{6383425E-78C2-4AF8-A7AA-42FAE51A0BB3} = {6383425E-78C2-4AF8-A7AA-42FAE51A0BB3}
	EndProjectSection
EndProject
Project("{8BC9CEB8-8B4A-11D0-8D11-00A0C91BC942}") = "GraphicsCommon", "GraphicsCommon\GraphicsCommon.vcproj", "{0AA5C019-82DE-4F26-970C-E71CFCB0D8A3}"
	ProjectSection(ProjectDependencies) = postProject
		{2D68DA1C-5BF9-40F4-9A91-F30E7CBD94CD} = {2D68DA1C-5BF9-40F4-9A91-F30E7CBD94CD}
	EndProjectSection
EndProject
Project("{8BC9CEB8-8B4A-11D0-8D11-00A0C91BC942}") = "PointCloudRegistration", "PointCloudRegistration\PointCloudRegistration.vcproj", "{A0F06AEA-3999-47DF-8E57-9702E87C450D}"
	ProjectSection(ProjectDependencies) = postProject
		{2D68DA1C-5BF9-40F4-9A91-F30E7CBD94CD} = {2D68DA1C-5BF9-40F4-9A91-F30E7CBD94CD}
		{15568A7E-84B5-4521-B9AB-2D6ECD2ECB3E} = {15568A7E-84B5-4521-B9AB-2D6ECD2ECB3E}
		{0F8333A2-9E36-4FF9-8FBA-5BFABE81A144} = {0F8333A2-9E36-4FF9-8FBA-5BFABE81A144}
		{593D76E6-BB26-450E-935D-DCD1AD17060B} = {593D76E6-BB26-450E-935D-DCD1AD17060B}
	EndProjectSection
EndProject
Global
	GlobalSection(SolutionConfigurationPlatforms) = preSolution
		Debug|Win32 = Debug|Win32
		Release|Win32 = Release|Win32
	EndGlobalSection
	GlobalSection(ProjectConfigurationPlatforms) = postSolution
		{9A6B4555-A2E6-42AB-BF1F-A289B3AFC207}.Debug|Win32.ActiveCfg = Debug|Win32
		{9A6B4555-A2E6-42AB-BF1F-A289B3AFC207}.Debug|Win32.Build.0 = Debug|Win32
		{9A6B4555-A2E6-42AB-BF1F-A289B3AFC207}.Release|Win32.ActiveCfg = Release|Win32
		{9A6B4555-A2E6-42AB-BF1F-A289B3AFC207}.Release|Win32.Build.0 = Release|Win32
		{6383425E-78C2-4AF8-A7AA-42FAE51A0BB3}.Debug|Win32.ActiveCfg = Debug|Win32
		{6383425E-78C2-4AF8-A7AA-42FAE51A0BB3}.Debug|Win32.Build.0 = Debug|Win32
		{6383425E-78C2-4AF8-A7AA-42FAE51A0BB3}.Release|Win32.ActiveCfg = Release|Win32
		{6383425E-78C2-4AF8-A7AA-42FAE51A0BB3}.Release|Win32.Build.0 = Release|Win32
		{B216E299-411D-4644-A097-46748486F53B}.Debug|Win32.ActiveCfg = Debug|Win32
		{B216E299-411D-4644-A097-46748486F53B}.Debug|Win32.Build.0 = Debug|Win32
		{B216E299-411D-4644-A097-46748486F53B}.Release|Win32.ActiveCfg = Release|Win32
		{B216E299-411D-4644-A097-46748486F53B}.Release|Win32.Build.0 = Release|Win32
		{15568A7E-84B5-4521-B9AB-2D6ECD2ECB3E}.Debug|Win32.ActiveCfg = Debug|Win32
		{15568A7E-84B5-4521-B9AB-2D6ECD2ECB3E}.Debug|Win32.Build.0 = Debug|Win32
		{15568A7E-84B5-4521-B9AB-2D6ECD2ECB3E}.Release|Win32.ActiveCfg = Release|Win32
		{15568A7E-84B5-4521-B9AB-2D6ECD2ECB3E}.Release|Win32.Build.0 = Release|Win32
		{03152B11-6311-4557-9824-50FE8FAA75F0}.Debug|Win32.ActiveCfg = Debug|Win32
		{03152B11-6311-4557-9824-50FE8FAA75F0}.Debug|Win32.Build.0 = Debug|Win32
		{03152B11-6311-4557-9824-50FE8FAA75F0}.Release|Win32.ActiveCfg = Release|Win32
		{03152B11-6311-4557-9824-50FE8FAA75F0}.Release|Win32.Build.0 = Release|Win32
		{0F8333A2-9E36-4FF9-8FBA-5BFABE81A144}.Debug|Win32.ActiveCfg = Debug|Win32
		{0F8333A2-9E36-4FF9-8FBA-5BFABE81A144}.Debug|Win32.Build.0 = Debug|Win32
		{0F8333A2-9E36-4FF9-8FBA-5BFABE81A144}.Release|Win32.ActiveCfg = Release|Win32
		{0F8333A2-9E36-4FF9-8FBA-5BFABE81A144}.Release|Win32.Build.0 = Release|Win32
		{593D76E6-BB26-450E-935D-DCD1AD17060B}.Debug|Win32.ActiveCfg = Debug|Win32
		{593D76E6-BB26-450E-935D-DCD1AD17060B}.Debug|Win32.Build.0 = Debug|Win32
		{593D76E6-BB26-450E-935D-DCD1AD17060B}.Release|Win32.ActiveCfg = Release|Win32
		{593D76E6-BB26-450E-935D-DCD1AD17060B}.Release|Win32.Build.0 = Release|Win32
		{3082D98A-911C-4EDB-92FE-8583326222E1}.Debug|Win32.ActiveCfg = Debug|Win32
		{3082D98A-911C-4EDB-92FE-8583326222E1}.Debug|Win32.Build.0 = Debug|Win32
		{3082D98A-911C-4EDB-92FE-8583326222E1}.Release|Win32.ActiveCfg = Release|Win32
		{3082D98A-911C-4EDB-92FE-8583326222E1}.Release|Win32.Build.0 = Release|Win32
		{BE700503-68FE-4FF8-BF54-C1AF5AD509BB}.Debug|Win32.ActiveCfg = Debug|Win32
		{BE700503-68FE-4FF8-BF54-C1AF5AD509BB}.Debug|Win32.Build.0 = Debug|Win32
		{BE700503-68FE-4FF8-BF54-C1AF5AD509BB}.Release|Win32.ActiveCfg = Release|Win32
		{BE700503-68FE-4FF8-BF54-C1AF5AD509BB}.Release|Win32.Build.0 = Release|Win32
		{50FC139D-C24E-400D-99CB-353708A1E6B7}.Debug|Win32.ActiveCfg = Debug|Win32
		{50FC139D-C24E-400D-99CB-353708A1E6B7}.Debug|Win32.Build.0 = Debug|Win32
		{50FC139D-C24E-400D-99CB-353708A1E6B7}.Release|Win32.ActiveCfg = Release|Win32
		{50FC139D-C24E-400D-99CB-353708A1E6B7}.Release|Win32.Build.0 = Release|Win32
		{2D68DA1C-5BF9-40F4-9A91-F30E7CBD94CD}.Debug|Win32.ActiveCfg = Debug|Win32
		{2D68DA1C-5BF9-40F4-9A91-F30E7CBD94CD}.Debug|Win32.Build.0 = Debug|Win32
		{2D68DA1C-5BF9-40F4-9A91-F30E7CBD94CD}.Release|Win32.ActiveCfg = Release|Win32
		{2D68DA1C-5BF9-40F4-9A91-F30E7CBD94CD}.Release|Win32.Build.0 = Release|Win32
		{575FBA6A-07B7-4D68-8148-2917FC09082F}.Debug|Win32.ActiveCfg = Debug|Win32
		{575FBA6A-07B7-4D68-8148-2917FC09082F}.Debug|Win32.Build.0 = Debug|Win32
		{575FBA6A-07B7-4D68-8148-2917FC09082F}.Release|Win32.ActiveCfg = Release|Win32
		{575FBA6A-07B7-4D68-8148-2917FC09082F}.Release|Win32.Build.0 = Release|Win32
		{258CA244-2639-4201-AE9E-F4F18C1F900D}.Debug|Win32.ActiveCfg = Debug|Win32
		{258CA244-2639-4201-AE9E-F4F18C1F900D}.Debug|Win32.Build.0 = Debug|Win32
		{258CA244-2639-4201-AE9E-F4F18C1F900D}.Release|Win32.ActiveCfg = Release|Win32
		{258CA244-2639-4201-AE9E-F4F18C1F900D}.Release|Win32.Build.0 = Release|Win32
		{2675D70E-3E91-46F4-A246-979CCE83B0B0}.Debug|Win32.ActiveCfg = Debug|Win32
		{2675D70E-3E91-46F4-A246-979CCE83B0B0}.Debug|Win32.Build.0 = Debug|Win32
		{2675D70E-3E91-46F4-A246-979CCE83B0B0}.Release|Win32.ActiveCfg = Release|Win32
		{2675D70E-3E91-46F4-A246-979CCE83B0B0}.Release|Win32.Build.0 = Release|Win32
		{443977E5-C714-44AD-B717-658CBE9A6D3A}.Debug|Win32.ActiveCfg = Debug|Win32
		{443977E5-C714-44AD-B717-658CBE9A6D3A}.Debug|Win32.Build.0 = Debug|Win32
		{443977E5-C714-44AD-B717-658CBE9A6D3A}.Release|Win32.ActiveCfg = Release|Win32
		{443977E5-C714-44AD-B717-658CBE9A6D3A}.Release|Win32.Build.0 = Release|Win32
		{C49253DF-EC14-4845-84C8-189CC5C752B4}.Debug|Win32.ActiveCfg = Debug|Win32
		{C49253DF-EC14-4845-84C8-189CC5C752B4}.Debug|Win32.Build.0 = Debug|Win32
		{C49253DF-EC14-4845-84C8-189CC5C752B4}.Release|Win32.ActiveCfg = Release|Win32
		{C49253DF-EC14-4845-84C8-189CC5C752B4}.Release|Win32.Build.0 = Release|Win32
		{BAC2FF1E-F7D3-48B8-A319-7AE6AB57DE93}.Debug|Win32.ActiveCfg = Debug|Win32
		{BAC2FF1E-F7D3-48B8-A319-7AE6AB57DE93}.Debug|Win32.Build.0 = Debug|Win32
		{BAC2FF1E-F7D3-48B8-A319-7AE6AB57DE93}.Release|Win32.ActiveCfg = Release|Win32
		{BAC2FF1E-F7D3-48B8-A319-7AE6AB57DE93}.Release|Win32.Build.0 = Release|Win32
		{0AA5C019-82DE-4F26-970C-E71CFCB0D8A3}.Debug|Win32.ActiveCfg = Debug|Win32
		{0AA5C019-82DE-4F26-970C-E71CFCB0D8A3}.Debug|Win32.Build.0 = Debug|Win32
		{0AA5C019-82DE-4F26-970C-E71CFCB0D8A3}.Release|Win32.ActiveCfg = Release|Win32
		{0AA5C019-82DE-4F26-970C-E71CFCB0D8A3}.Release|Win32.Build.0 = Release|Win32
		{A0F06AEA-3999-47DF-8E57-9702E87C450D}.Debug|Win32.ActiveCfg = Debug|Win32
		{A0F06AEA-3999-47DF-8E57-9702E87C450D}.Debug|Win32.Build.0 = Debug|Win32
		{A0F06AEA-3999-47DF-8E57-9702E87C450D}.Release|Win32.ActiveCfg = Release|Win32
		{A0F06AEA-3999-47DF-8E57-9702E87C450D}.Release|Win32.Build.0 = Release|Win32
	EndGlobalSection
	GlobalSection(SolutionProperties) = preSolution
		HideSolutionNode = FALSE
	EndGlobalSection
EndGlobal
